
Microsoft Visual Studio Solution File, Format Version 12.00
# Visual Studio Version 16
VisualStudioVersion = 16.0.30204.135
MinimumVisualStudioVersion = 10.0.40219.1
Project("{FAE04EC0-301F-11D3-BF4B-00C04F79EFBC}") = "time-ghost-app", "time-ghost-app\time-ghost-app.csproj", "{C288724D-A977-47BA-841B-14E77F73D583}"
EndProject
Project("{FAE04EC0-301F-11D3-BF4B-00C04F79EFBC}") = "time-ghost-app.Tests.xUnit", "time-ghost-app.Tests.xUnit\time-ghost-app.Tests.xUnit.csproj", "{6970B15D-4519-4551-9901-A32D3FC44811}"
EndProject
Project("{9A19103F-16F7-4668-BE54-9A1E7A4F7556}") = "time-ghost-app.Core", "time-ghost-app.Core\time-ghost-app.Core.csproj", "{3B01D9E2-BC69-46CB-848B-7CFED5A5DE95}"
EndProject
Global
	GlobalSection(SolutionConfigurationPlatforms) = preSolution
		Debug|Any CPU = Debug|Any CPU
		Debug|ARM = Debug|ARM
		Debug|ARM64 = Debug|ARM64
		Debug|x64 = Debug|x64
		Debug|x86 = Debug|x86
		Release|Any CPU = Release|Any CPU
		Release|ARM = Release|ARM
		Release|ARM64 = Release|ARM64
		Release|x64 = Release|x64
		Release|x86 = Release|x86
	EndGlobalSection
	GlobalSection(ProjectConfigurationPlatforms) = postSolution
		{C288724D-A977-47BA-841B-14E77F73D583}.Debug|Any CPU.ActiveCfg = Debug|x86
		{C288724D-A977-47BA-841B-14E77F73D583}.Debug|ARM.ActiveCfg = Debug|ARM
		{C288724D-A977-47BA-841B-14E77F73D583}.Debug|ARM.Build.0 = Debug|ARM
		{C288724D-A977-47BA-841B-14E77F73D583}.Debug|ARM.Deploy.0 = Debug|ARM
		{C288724D-A977-47BA-841B-14E77F73D583}.Debug|ARM64.ActiveCfg = Debug|ARM64
		{C288724D-A977-47BA-841B-14E77F73D583}.Debug|ARM64.Build.0 = Debug|ARM64
		{C288724D-A977-47BA-841B-14E77F73D583}.Debug|ARM64.Deploy.0 = Debug|ARM64
		{C288724D-A977-47BA-841B-14E77F73D583}.Debug|x64.ActiveCfg = Debug|x64
		{C288724D-A977-47BA-841B-14E77F73D583}.Debug|x64.Build.0 = Debug|x64
		{C288724D-A977-47BA-841B-14E77F73D583}.Debug|x64.Deploy.0 = Debug|x64
		{C288724D-A977-47BA-841B-14E77F73D583}.Debug|x86.ActiveCfg = Debug|x86
		{C288724D-A977-47BA-841B-14E77F73D583}.Debug|x86.Build.0 = Debug|x86
		{C288724D-A977-47BA-841B-14E77F73D583}.Debug|x86.Deploy.0 = Debug|x86
		{C288724D-A977-47BA-841B-14E77F73D583}.Release|Any CPU.ActiveCfg = Release|x86
		{C288724D-A977-47BA-841B-14E77F73D583}.Release|ARM.ActiveCfg = Release|ARM
		{C288724D-A977-47BA-841B-14E77F73D583}.Release|ARM.Build.0 = Release|ARM
		{C288724D-A977-47BA-841B-14E77F73D583}.Release|ARM.Deploy.0 = Release|ARM
		{C288724D-A977-47BA-841B-14E77F73D583}.Release|ARM64.ActiveCfg = Release|ARM64
		{C288724D-A977-47BA-841B-14E77F73D583}.Release|ARM64.Build.0 = Release|ARM64
		{C288724D-A977-47BA-841B-14E77F73D583}.Release|ARM64.Deploy.0 = Release|ARM64
		{C288724D-A977-47BA-841B-14E77F73D583}.Release|x64.ActiveCfg = Release|x64
		{C288724D-A977-47BA-841B-14E77F73D583}.Release|x64.Build.0 = Release|x64
		{C288724D-A977-47BA-841B-14E77F73D583}.Release|x64.Deploy.0 = Release|x64
		{C288724D-A977-47BA-841B-14E77F73D583}.Release|x86.ActiveCfg = Release|x86
		{C288724D-A977-47BA-841B-14E77F73D583}.Release|x86.Build.0 = Release|x86
		{C288724D-A977-47BA-841B-14E77F73D583}.Release|x86.Deploy.0 = Release|x86
		{6970B15D-4519-4551-9901-A32D3FC44811}.Debug|Any CPU.ActiveCfg = Debug|x86
		{6970B15D-4519-4551-9901-A32D3FC44811}.Debug|ARM.ActiveCfg = Debug|ARM
		{6970B15D-4519-4551-9901-A32D3FC44811}.Debug|ARM.Build.0 = Debug|ARM
		{6970B15D-4519-4551-9901-A32D3FC44811}.Debug|ARM.Deploy.0 = Debug|ARM
		{6970B15D-4519-4551-9901-A32D3FC44811}.Debug|ARM64.ActiveCfg = Debug|x86
		{6970B15D-4519-4551-9901-A32D3FC44811}.Debug|x64.ActiveCfg = Debug|x64
		{6970B15D-4519-4551-9901-A32D3FC44811}.Debug|x64.Build.0 = Debug|x64
		{6970B15D-4519-4551-9901-A32D3FC44811}.Debug|x64.Deploy.0 = Debug|x64
		{6970B15D-4519-4551-9901-A32D3FC44811}.Debug|x86.ActiveCfg = Debug|x86
		{6970B15D-4519-4551-9901-A32D3FC44811}.Debug|x86.Build.0 = Debug|x86
		{6970B15D-4519-4551-9901-A32D3FC44811}.Debug|x86.Deploy.0 = Debug|x86
		{6970B15D-4519-4551-9901-A32D3FC44811}.Release|Any CPU.ActiveCfg = Release|x86
		{6970B15D-4519-4551-9901-A32D3FC44811}.Release|ARM.ActiveCfg = Release|ARM
		{6970B15D-4519-4551-9901-A32D3FC44811}.Release|ARM.Build.0 = Release|ARM
		{6970B15D-4519-4551-9901-A32D3FC44811}.Release|ARM.Deploy.0 = Release|ARM
		{6970B15D-4519-4551-9901-A32D3FC44811}.Release|ARM64.ActiveCfg = Release|x86
		{6970B15D-4519-4551-9901-A32D3FC44811}.Release|x64.ActiveCfg = Release|x64
		{6970B15D-4519-4551-9901-A32D3FC44811}.Release|x64.Build.0 = Release|x64
		{6970B15D-4519-4551-9901-A32D3FC44811}.Release|x64.Deploy.0 = Release|x64
		{6970B15D-4519-4551-9901-A32D3FC44811}.Release|x86.ActiveCfg = Release|x86
		{6970B15D-4519-4551-9901-A32D3FC44811}.Release|x86.Build.0 = Release|x86
		{6970B15D-4519-4551-9901-A32D3FC44811}.Release|x86.Deploy.0 = Release|x86
		{3B01D9E2-BC69-46CB-848B-7CFED5A5DE95}.Debug|Any CPU.ActiveCfg = Debug|Any CPU
		{3B01D9E2-BC69-46CB-848B-7CFED5A5DE95}.Debug|Any CPU.Build.0 = Debug|Any CPU
		{3B01D9E2-BC69-46CB-848B-7CFED5A5DE95}.Debug|ARM.ActiveCfg = Debug|Any CPU
		{3B01D9E2-BC69-46CB-848B-7CFED5A5DE95}.Debug|ARM.Build.0 = Debug|Any CPU
		{3B01D9E2-BC69-46CB-848B-7CFED5A5DE95}.Debug|ARM64.ActiveCfg = Debug|Any CPU
		{3B01D9E2-BC69-46CB-848B-7CFED5A5DE95}.Debug|ARM64.Build.0 = Debug|Any CPU
		{3B01D9E2-BC69-46CB-848B-7CFED5A5DE95}.Debug|x64.ActiveCfg = Debug|Any CPU
		{3B01D9E2-BC69-46CB-848B-7CFED5A5DE95}.Debug|x64.Build.0 = Debug|Any CPU
		{3B01D9E2-BC69-46CB-848B-7CFED5A5DE95}.Debug|x86.ActiveCfg = Debug|Any CPU
		{3B01D9E2-BC69-46CB-848B-7CFED5A5DE95}.Debug|x86.Build.0 = Debug|Any CPU
		{3B01D9E2-BC69-46CB-848B-7CFED5A5DE95}.Release|Any CPU.ActiveCfg = Release|Any CPU
		{3B01D9E2-BC69-46CB-848B-7CFED5A5DE95}.Release|Any CPU.Build.0 = Release|Any CPU
		{3B01D9E2-BC69-46CB-848B-7CFED5A5DE95}.Release|ARM.ActiveCfg = Release|Any CPU
		{3B01D9E2-BC69-46CB-848B-7CFED5A5DE95}.Release|ARM.Build.0 = Release|Any CPU
		{3B01D9E2-BC69-46CB-848B-7CFED5A5DE95}.Release|ARM64.ActiveCfg = Release|Any CPU
		{3B01D9E2-BC69-46CB-848B-7CFED5A5DE95}.Release|ARM64.Build.0 = Release|Any CPU
		{3B01D9E2-BC69-46CB-848B-7CFED5A5DE95}.Release|x64.ActiveCfg = Release|Any CPU
		{3B01D9E2-BC69-46CB-848B-7CFED5A5DE95}.Release|x64.Build.0 = Release|Any CPU
		{3B01D9E2-BC69-46CB-848B-7CFED5A5DE95}.Release|x86.ActiveCfg = Release|Any CPU
		{3B01D9E2-BC69-46CB-848B-7CFED5A5DE95}.Release|x86.Build.0 = Release|Any CPU
	EndGlobalSection
	GlobalSection(SolutionProperties) = preSolution
		HideSolutionNode = FALSE
	EndGlobalSection
	GlobalSection(ExtensibilityGlobals) = postSolution
		SolutionGuid = {13BA4483-3127-4E2C-8822-8D52F7AA2884}
	EndGlobalSection
EndGlobal
